
Microsoft Visual Studio Solution File, Format Version 12.00
# Visual Studio Version 16
VisualStudioVersion = 16.0.29411.108
MinimumVisualStudioVersion = 10.0.40219.1
Project("{8BC9CEB8-8B4A-11D0-8D11-00A0C91BC942}") = "Compiler", "Compiler\Compiler.vcxproj", "{B3CFB3EF-4B0E-431C-8B9E-7FB66C75C101}"
EndProject
Global
	GlobalSection(SolutionConfigurationPlatforms) = preSolution
		Debug|x64 = Debug|x64
		Debug|x86 = Debug|x86
		Release|x64 = Release|x64
		Release|x86 = Release|x86
	EndGlobalSection
	GlobalSection(ProjectConfigurationPlatforms) = postSolution
		{B3CFB3EF-4B0E-431C-8B9E-7FB66C75C101}.Debug|x64.ActiveCfg = Debug|x64
		{B3CFB3EF-4B0E-431C-8B9E-7FB66C75C101}.Debug|x64.Build.0 = Debug|x64
		{B3CFB3EF-4B0E-431C-8B9E-7FB66C75C101}.Debug|x86.ActiveCfg = Debug|Win32
		{B3CFB3EF-4B0E-431C-8B9E-7FB66C75C101}.Debug|x86.Build.0 = Debug|Win32
		{B3CFB3EF-4B0E-431C-8B9E-7FB66C75C101}.Release|x64.ActiveCfg = Release|x64
		{B3CFB3EF-4B0E-431C-8B9E-7FB66C75C101}.Release|x64.Build.0 = Release|x64
		{B3CFB3EF-4B0E-431C-8B9E-7FB66C75C101}.Release|x86.ActiveCfg = Release|Win32
		{B3CFB3EF-4B0E-431C-8B9E-7FB66C75C101}.Release|x86.Build.0 = Release|Win32
	EndGlobalSection
	GlobalSection(SolutionProperties) = preSolution
		HideSolutionNode = FALSE
	EndGlobalSection
	GlobalSection(ExtensibilityGlobals) = postSolution
		SolutionGuid = {B8A5089D-8DE8-4978-B300-0BDEFD0A6563}
	EndGlobalSection
EndGlobal
